
Microsoft Visual Studio Solution File, Format Version 12.00
# Visual Studio Version 17
VisualStudioVersion = 17.10.35122.118
MinimumVisualStudioVersion = 10.0.40219.1
Project("{9A19103F-16F7-4668-BE54-9A1E7A4F7556}") = "Second.Cojali.Api", "Second.Cojali.Api\Second.Cojali.Api.csproj", "{3FE677D4-B0E4-48AA-8C76-0216BF95BE06}"
EndProject
Project("{9A19103F-16F7-4668-BE54-9A1E7A4F7556}") = "Second.Cojali.Application", "Second.Cojali.Application\Second.Cojali.Application.csproj", "{5FF571F7-9F24-4D30-AD6A-B963348684A7}"
EndProject
Project("{9A19103F-16F7-4668-BE54-9A1E7A4F7556}") = "Second.Cojali.Domain", "Second.Cojali.Domain\Second.Cojali.Domain.csproj", "{F67D726E-E199-447E-895E-52CF8AD1ADCC}"
EndProject
Project("{9A19103F-16F7-4668-BE54-9A1E7A4F7556}") = "Second.Cojali.Infrastructure", "Second.Cojali.Infrastructure\Second.Cojali.Infrastructure.csproj", "{3E99852E-7C1D-42F2-B615-6C5BA5372C07}"
EndProject
Project("{9A19103F-16F7-4668-BE54-9A1E7A4F7556}") = "Second.Cojali.Api.Contracts", "Second.Cojali.Api.Contracts\Second.Cojali.Api.Contracts.csproj", "{24999200-A999-4E10-953A-6C0D579BD57F}"
EndProject
Project("{FAE04EC0-301F-11D3-BF4B-00C04F79EFBC}") = "Second.Cojali.Api.IoC", "Second.Cojali.Api.IoC\Second.Cojali.Api.IoC.csproj", "{4D55F802-6181-4DBB-92F1-886BE16FFBA2}"
EndProject
Global
	GlobalSection(SolutionConfigurationPlatforms) = preSolution
		Debug|Any CPU = Debug|Any CPU
		Release|Any CPU = Release|Any CPU
	EndGlobalSection
	GlobalSection(ProjectConfigurationPlatforms) = postSolution
		{3FE677D4-B0E4-48AA-8C76-0216BF95BE06}.Debug|Any CPU.ActiveCfg = Debug|Any CPU
		{3FE677D4-B0E4-48AA-8C76-0216BF95BE06}.Debug|Any CPU.Build.0 = Debug|Any CPU
		{3FE677D4-B0E4-48AA-8C76-0216BF95BE06}.Release|Any CPU.ActiveCfg = Release|Any CPU
		{3FE677D4-B0E4-48AA-8C76-0216BF95BE06}.Release|Any CPU.Build.0 = Release|Any CPU
		{5FF571F7-9F24-4D30-AD6A-B963348684A7}.Debug|Any CPU.ActiveCfg = Debug|Any CPU
		{5FF571F7-9F24-4D30-AD6A-B963348684A7}.Debug|Any CPU.Build.0 = Debug|Any CPU
		{5FF571F7-9F24-4D30-AD6A-B963348684A7}.Release|Any CPU.ActiveCfg = Release|Any CPU
		{5FF571F7-9F24-4D30-AD6A-B963348684A7}.Release|Any CPU.Build.0 = Release|Any CPU
		{F67D726E-E199-447E-895E-52CF8AD1ADCC}.Debug|Any CPU.ActiveCfg = Debug|Any CPU
		{F67D726E-E199-447E-895E-52CF8AD1ADCC}.Debug|Any CPU.Build.0 = Debug|Any CPU
		{F67D726E-E199-447E-895E-52CF8AD1ADCC}.Release|Any CPU.ActiveCfg = Release|Any CPU
		{F67D726E-E199-447E-895E-52CF8AD1ADCC}.Release|Any CPU.Build.0 = Release|Any CPU
		{3E99852E-7C1D-42F2-B615-6C5BA5372C07}.Debug|Any CPU.ActiveCfg = Debug|Any CPU
		{3E99852E-7C1D-42F2-B615-6C5BA5372C07}.Debug|Any CPU.Build.0 = Debug|Any CPU
		{3E99852E-7C1D-42F2-B615-6C5BA5372C07}.Release|Any CPU.ActiveCfg = Release|Any CPU
		{3E99852E-7C1D-42F2-B615-6C5BA5372C07}.Release|Any CPU.Build.0 = Release|Any CPU
		{24999200-A999-4E10-953A-6C0D579BD57F}.Debug|Any CPU.ActiveCfg = Debug|Any CPU
		{24999200-A999-4E10-953A-6C0D579BD57F}.Debug|Any CPU.Build.0 = Debug|Any CPU
		{24999200-A999-4E10-953A-6C0D579BD57F}.Release|Any CPU.ActiveCfg = Release|Any CPU
		{24999200-A999-4E10-953A-6C0D579BD57F}.Release|Any CPU.Build.0 = Release|Any CPU
		{4D55F802-6181-4DBB-92F1-886BE16FFBA2}.Debug|Any CPU.ActiveCfg = Debug|Any CPU
		{4D55F802-6181-4DBB-92F1-886BE16FFBA2}.Debug|Any CPU.Build.0 = Debug|Any CPU
		{4D55F802-6181-4DBB-92F1-886BE16FFBA2}.Release|Any CPU.ActiveCfg = Release|Any CPU
		{4D55F802-6181-4DBB-92F1-886BE16FFBA2}.Release|Any CPU.Build.0 = Release|Any CPU
	EndGlobalSection
	GlobalSection(SolutionProperties) = preSolution
		HideSolutionNode = FALSE
	EndGlobalSection
	GlobalSection(ExtensibilityGlobals) = postSolution
		SolutionGuid = {CB2024C4-312C-41F2-B082-0A2667DB3246}
	EndGlobalSection
EndGlobal
